{
  "name": "anodrel",
  "version": "0.1.0",
  "lockfileVersion": 3,
  "requires": true,
  "packages": {
    "": {
      "name": "anodrel",
      "version": "0.1.0",
      "workspaces": [
        "apps/*",
        "packages/*"
      ],
      "devDependencies": {
        "@types/node": "^25.0.0",
        "typescript": "^5.9.3"
      },
      "engines": {
        "node": ">=22"
      }
    },
    "apps/command-line": {
      "name": "@anodrel/command-line-example",
      "version": "0.1.0",
      "dependencies": {
        "@anodrel/mock-host": "0.1.0",
        "@anodrel/sdk": "0.1.0"
      }
    },
    "apps/sample": {
      "name": "@anodrel/sample-app",
      "version": "0.1.0",
      "dependencies": {
        "@anodrel/mock-host": "0.1.0",
        "@anodrel/sdk": "0.1.0",
        "@anodrel/windows-transport": "0.1.0"
      }
    },
    "node_modules/@anodrel/anodex-adapter": {
      "resolved": "packages/anodex-adapter",
      "link": true
    },
    "node_modules/@anodrel/command-line-example": {
      "resolved": "apps/command-line",
      "link": true
    },
    "node_modules/@anodrel/mock-host": {
      "resolved": "packages/mock-host",
      "link": true
    },
    "node_modules/@anodrel/protocol": {
      "resolved": "packages/protocol",
      "link": true
    },
    "node_modules/@anodrel/sample-app": {
      "resolved": "apps/sample",
      "link": true
    },
    "node_modules/@anodrel/sdk": {
      "resolved": "packages/sdk",
      "link": true
    },
    "node_modules/@anodrel/windows-transport": {
      "resolved": "packages/windows-transport",
      "link": true
    },
    "node_modules/@types/node": {
      "version": "25.9.5",
      "resolved": "https://registry.npmjs.org/@types/node/-/node-25.9.5.tgz",
      "integrity": "sha512-OScDchr2fwuUmWdf4kZ9h7PcJiYDVInhJizG/biAq3cAvqwYktuy/TYGGdZNMtNTFUP7rnb0NU4TUdm82kt4Rg==",
      "dev": true,
      "license": "MIT",
      "dependencies": {
        "undici-types": ">=7.24.0 <7.24.7"
      }
    },
    "node_modules/typescript": {
      "version": "5.9.3",
      "resolved": "https://registry.npmjs.org/typescript/-/typescript-5.9.3.tgz",
      "integrity": "sha512-jl1vZzPDinLr9eUt3J/t7V6FgNEw9QjvBPdysz9KfQDD41fQrC2Y4vKQdiaUpFT4bXlb1RHhLpp8wtm6M5TgSw==",
      "dev": true,
      "license": "Apache-2.0",
      "bin": {
        "tsc": "bin/tsc",
        "tsserver": "bin/tsserver"
      },
      "engines": {
        "node": ">=14.17"
      }
    },
    "node_modules/undici-types": {
      "version": "7.24.6",
      "resolved": "https://registry.npmjs.org/undici-types/-/undici-types-7.24.6.tgz",
      "integrity": "sha512-WRNW+sJgj5OBN4/0JpHFqtqzhpbnV0GuB+OozA9gCL7a993SmU+1JBZCzLNxYsbMfIeDL+lTsphD5jN5N+n0zg==",
      "dev": true,
      "license": "MIT"
    },
    "packages/anodex-adapter": {
      "name": "@anodrel/anodex-adapter",
      "version": "0.1.0",
      "dependencies": {
        "@anodrel/protocol": "0.1.0"
      }
    },
    "packages/mock-host": {
      "name": "@anodrel/mock-host",
      "version": "0.1.0",
      "dependencies": {
        "@anodrel/protocol": "0.1.0"
      }
    },
    "packages/protocol": {
      "name": "@anodrel/protocol",
      "version": "0.1.0"
    },
    "packages/sdk": {
      "name": "@anodrel/sdk",
      "version": "0.1.0",
      "dependencies": {
        "@anodrel/protocol": "0.1.0"
      }
    },
    "packages/windows-transport": {
      "name": "@anodrel/windows-transport",
      "version": "0.1.0",
      "dependencies": {
        "@anodrel/protocol": "0.1.0",
        "@anodrel/sdk": "0.1.0"
      }
    }
  }
}
