# This file is automatically @generated by Cargo.
# It is not intended for manual editing.
version = 4

[[package]]
name = "anodrel-core"
version = "0.1.0"
dependencies = [
 "anodrel-protocol",
]

[[package]]
name = "anodrel-json"
version = "0.1.0"

[[package]]
name = "anodrel-protocol"
version = "0.1.0"
dependencies = [
 "anodrel-json",
]

[[package]]
name = "anodrel-transport"
version = "0.1.0"
dependencies = [
 "anodrel-core",
 "anodrel-protocol",
 "anodrel-wire",
]

[[package]]
name = "anodrel-windows-host"
version = "0.1.0"
dependencies = [
 "anodrel-core",
 "anodrel-protocol",
]

[[package]]
name = "anodrel-windows-pipe"
version = "0.1.0"
dependencies = [
 "anodrel-core",
 "anodrel-protocol",
 "anodrel-transport",
 "anodrel-wire",
]

[[package]]
name = "anodrel-wire"
version = "0.1.0"
