# This file is automatically @generated by Cargo.
# It is not intended for manual editing.
version = 4

[[package]]
name = "anodrel-application"
version = "0.1.0"
dependencies = [
 "anodrel-json",
]

[[package]]
name = "anodrel-bootstrap"
version = "0.1.0"
dependencies = [
 "anodrel-json",
 "anodrel-protocol",
 "anodrel-transport",
]

[[package]]
name = "anodrel-brand"
version = "0.1.0"
dependencies = [
 "anodrel-canvas",
]

[[package]]
name = "anodrel-canvas"
version = "0.1.0"

[[package]]
name = "anodrel-core"
version = "0.1.0"
dependencies = [
 "anodrel-protocol",
]

[[package]]
name = "anodrel-diagnostics"
version = "0.1.0"

[[package]]
name = "anodrel-json"
version = "0.1.0"

[[package]]
name = "anodrel-protocol"
version = "0.1.0"
dependencies = [
 "anodrel-json",
]

[[package]]
name = "anodrel-transport"
version = "0.1.0"
dependencies = [
 "anodrel-core",
 "anodrel-protocol",
 "anodrel-wire",
]

[[package]]
name = "anodrel-windows-bootstrap"
version = "0.1.0"
dependencies = [
 "anodrel-bootstrap",
 "anodrel-core",
 "anodrel-protocol",
 "anodrel-windows-pipe",
]

[[package]]
name = "anodrel-windows-host"
version = "0.1.0"
dependencies = [
 "anodrel-application",
 "anodrel-brand",
 "anodrel-canvas",
 "anodrel-core",
 "anodrel-diagnostics",
 "anodrel-json",
 "anodrel-protocol",
 "anodrel-windows-bootstrap",
 "anodrel-windows-instance",
 "anodrel-windows-pipe",
 "anodrel-wire",
]

[[package]]
name = "anodrel-windows-instance"
version = "0.1.0"

[[package]]
name = "anodrel-windows-pipe"
version = "0.1.0"
dependencies = [
 "anodrel-bootstrap",
 "anodrel-core",
 "anodrel-protocol",
 "anodrel-transport",
 "anodrel-wire",
]

[[package]]
name = "anodrel-windows-policy"
version = "0.1.0"
dependencies = [
 "anodrel-application",
]

[[package]]
name = "anodrel-windows-signature"
version = "0.1.0"

[[package]]
name = "anodrel-wire"
version = "0.1.0"
