# This file is automatically @generated by Cargo.
# It is not intended for manual editing.
version = 4

[[package]]
name = "anodrel-application"
version = "0.1.0"
dependencies = [
 "anodrel-json",
 "anodrel-protocol",
]

[[package]]
name = "anodrel-bootstrap"
version = "0.1.0"
dependencies = [
 "anodrel-json",
 "anodrel-protocol",
 "anodrel-transport",
]

[[package]]
name = "anodrel-brand"
version = "0.1.0"
dependencies = [
 "anodrel-canvas",
]

[[package]]
name = "anodrel-canvas"
version = "0.1.0"

[[package]]
name = "anodrel-clipboard"
version = "0.1.0"

[[package]]
name = "anodrel-core"
version = "0.1.0"
dependencies = [
 "anodrel-clipboard",
 "anodrel-protocol",
 "anodrel-ui",
 "anodrel-ui-session",
]

[[package]]
name = "anodrel-credentials"
version = "0.1.0"
dependencies = [
 "anodrel-application",
]

[[package]]
name = "anodrel-diagnostics"
version = "0.1.0"

[[package]]
name = "anodrel-external-links"
version = "0.1.0"

[[package]]
name = "anodrel-json"
version = "0.1.0"

[[package]]
name = "anodrel-paths"
version = "0.1.0"
dependencies = [
 "anodrel-application",
]

[[package]]
name = "anodrel-perf-lab"
version = "0.1.0"
dependencies = [
 "anodrel-core",
 "anodrel-transport",
 "anodrel-windows-pipe",
 "anodrel-wire",
]

[[package]]
name = "anodrel-protocol"
version = "0.1.0"
dependencies = [
 "anodrel-json",
]

[[package]]
name = "anodrel-session-policy"
version = "0.1.0"
dependencies = [
 "anodrel-application",
 "anodrel-core",
 "anodrel-protocol",
]

[[package]]
name = "anodrel-transport"
version = "0.1.0"
dependencies = [
 "anodrel-clipboard",
 "anodrel-core",
 "anodrel-protocol",
 "anodrel-ui",
 "anodrel-ui-session",
 "anodrel-wire",
]

[[package]]
name = "anodrel-ui"
version = "0.1.0"

[[package]]
name = "anodrel-ui-document"
version = "0.1.0"
dependencies = [
 "anodrel-json",
 "anodrel-ui",
]

[[package]]
name = "anodrel-ui-session"
version = "0.1.0"
dependencies = [
 "anodrel-ui",
 "anodrel-ui-document",
]

[[package]]
name = "anodrel-windows-bootstrap"
version = "0.1.0"
dependencies = [
 "anodrel-bootstrap",
 "anodrel-core",
 "anodrel-protocol",
 "anodrel-windows-pipe",
]

[[package]]
name = "anodrel-windows-clipboard"
version = "0.1.0"
dependencies = [
 "anodrel-clipboard",
]

[[package]]
name = "anodrel-windows-credentials"
version = "0.1.0"
dependencies = [
 "anodrel-application",
 "anodrel-credentials",
]

[[package]]
name = "anodrel-windows-external-links"
version = "0.1.0"
dependencies = [
 "anodrel-external-links",
]

[[package]]
name = "anodrel-windows-host"
version = "0.1.0"
dependencies = [
 "anodrel-application",
 "anodrel-brand",
 "anodrel-canvas",
 "anodrel-core",
 "anodrel-diagnostics",
 "anodrel-json",
 "anodrel-protocol",
 "anodrel-ui",
 "anodrel-ui-document",
 "anodrel-ui-session",
 "anodrel-windows-bootstrap",
 "anodrel-windows-clipboard",
 "anodrel-windows-instance",
 "anodrel-windows-pipe",
 "anodrel-wire",
]

[[package]]
name = "anodrel-windows-instance"
version = "0.1.0"

[[package]]
name = "anodrel-windows-launch"
version = "0.1.0"
dependencies = [
 "anodrel-application",
 "anodrel-bootstrap",
 "anodrel-windows-bootstrap",
 "anodrel-windows-policy",
 "anodrel-windows-signature",
]

[[package]]
name = "anodrel-windows-paths"
version = "0.1.0"
dependencies = [
 "anodrel-application",
 "anodrel-paths",
]

[[package]]
name = "anodrel-windows-pipe"
version = "0.1.0"
dependencies = [
 "anodrel-bootstrap",
 "anodrel-clipboard",
 "anodrel-core",
 "anodrel-protocol",
 "anodrel-transport",
 "anodrel-wire",
]

[[package]]
name = "anodrel-windows-policy"
version = "0.1.0"
dependencies = [
 "anodrel-application",
 "anodrel-core",
 "anodrel-session-policy",
]

[[package]]
name = "anodrel-windows-registered-session"
version = "0.1.0"
dependencies = [
 "anodrel-core",
 "anodrel-protocol",
 "anodrel-windows-pipe",
 "anodrel-windows-policy",
]

[[package]]
name = "anodrel-windows-signature"
version = "0.1.0"

[[package]]
name = "anodrel-wire"
version = "0.1.0"
